
Microsoft Visual Studio Solution File, Format Version 12.00
# Visual Studio Version 17
VisualStudioVersion = 17.12.35707.178 d17.12
MinimumVisualStudioVersion = 10.0.40219.1
Project("{FAE04EC0-301F-11D3-BF4B-00C04F79EFBC}") = "pr15_Zukova", "pr15_Zukova\pr15_Zukova.csproj", "{D06B8B74-26DD-4527-B1C6-AF8199E90039}"
EndProject
Global
	GlobalSection(SolutionConfigurationPlatforms) = preSolution
		Debug|Any CPU = Debug|Any CPU
		Release|Any CPU = Release|Any CPU
	EndGlobalSection
	GlobalSection(ProjectConfigurationPlatforms) = postSolution
		{D06B8B74-26DD-4527-B1C6-AF8199E90039}.Debug|Any CPU.ActiveCfg = Debug|Any CPU
		{D06B8B74-26DD-4527-B1C6-AF8199E90039}.Debug|Any CPU.Build.0 = Debug|Any CPU
		{D06B8B74-26DD-4527-B1C6-AF8199E90039}.Release|Any CPU.ActiveCfg = Release|Any CPU
		{D06B8B74-26DD-4527-B1C6-AF8199E90039}.Release|Any CPU.Build.0 = Release|Any CPU
	EndGlobalSection
	GlobalSection(SolutionProperties) = preSolution
		HideSolutionNode = FALSE
	EndGlobalSection
EndGlobal
